
Microsoft Visual Studio Solution File, Format Version 12.00
# Visual Studio Version 16
VisualStudioVersion = 16.0.32002.261
MinimumVisualStudioVersion = 10.0.40219.1
Project("{FAE04EC0-301F-11D3-BF4B-00C04F79EFBC}") = "03.01.22", "03.01.22\03.01.22.csproj", "{30775B9B-0DBC-4AF6-96F1-936783B2F057}"
EndProject
Global
	GlobalSection(SolutionConfigurationPlatforms) = preSolution
		Debug|Any CPU = Debug|Any CPU
		Release|Any CPU = Release|Any CPU
	EndGlobalSection
	GlobalSection(ProjectConfigurationPlatforms) = postSolution
		{30775B9B-0DBC-4AF6-96F1-936783B2F057}.Debug|Any CPU.ActiveCfg = Debug|Any CPU
		{30775B9B-0DBC-4AF6-96F1-936783B2F057}.Debug|Any CPU.Build.0 = Debug|Any CPU
		{30775B9B-0DBC-4AF6-96F1-936783B2F057}.Release|Any CPU.ActiveCfg = Release|Any CPU
		{30775B9B-0DBC-4AF6-96F1-936783B2F057}.Release|Any CPU.Build.0 = Release|Any CPU
	EndGlobalSection
	GlobalSection(SolutionProperties) = preSolution
		HideSolutionNode = FALSE
	EndGlobalSection
	GlobalSection(ExtensibilityGlobals) = postSolution
		SolutionGuid = {8F93465D-9ACB-4A59-8819-7346FB207882}
	EndGlobalSection
EndGlobal
