
Microsoft Visual Studio Solution File, Format Version 12.00
# Visual Studio Version 16
VisualStudioVersion = 16.0.32002.261
MinimumVisualStudioVersion = 10.0.40219.1
Project("{FAE04EC0-301F-11D3-BF4B-00C04F79EFBC}") = "Ders11_OPP_Kalitim", "Ders11_OPP_Kalitim\Ders11_OPP_Kalitim.csproj", "{A75C65C3-6747-450D-95FC-F6822AEBA288}"
EndProject
Global
	GlobalSection(SolutionConfigurationPlatforms) = preSolution
		Debug|Any CPU = Debug|Any CPU
		Release|Any CPU = Release|Any CPU
	EndGlobalSection
	GlobalSection(ProjectConfigurationPlatforms) = postSolution
		{A75C65C3-6747-450D-95FC-F6822AEBA288}.Debug|Any CPU.ActiveCfg = Debug|Any CPU
		{A75C65C3-6747-450D-95FC-F6822AEBA288}.Debug|Any CPU.Build.0 = Debug|Any CPU
		{A75C65C3-6747-450D-95FC-F6822AEBA288}.Release|Any CPU.ActiveCfg = Release|Any CPU
		{A75C65C3-6747-450D-95FC-F6822AEBA288}.Release|Any CPU.Build.0 = Release|Any CPU
	EndGlobalSection
	GlobalSection(SolutionProperties) = preSolution
		HideSolutionNode = FALSE
	EndGlobalSection
	GlobalSection(ExtensibilityGlobals) = postSolution
		SolutionGuid = {7110CB41-CCEB-48D0-91D1-0C31C099DB80}
	EndGlobalSection
EndGlobal
