
Microsoft Visual Studio Solution File, Format Version 12.00
# Visual Studio Version 16
VisualStudioVersion = 16.0.32002.261
MinimumVisualStudioVersion = 10.0.40219.1
Project("{FAE04EC0-301F-11D3-BF4B-00C04F79EFBC}") = "methodlar-2", "methodlar-2\methodlar-2.csproj", "{BB5390CA-A412-4DBD-8EF7-EBE1D0589DB3}"
EndProject
Global
	GlobalSection(SolutionConfigurationPlatforms) = preSolution
		Debug|Any CPU = Debug|Any CPU
		Release|Any CPU = Release|Any CPU
	EndGlobalSection
	GlobalSection(ProjectConfigurationPlatforms) = postSolution
		{BB5390CA-A412-4DBD-8EF7-EBE1D0589DB3}.Debug|Any CPU.ActiveCfg = Debug|Any CPU
		{BB5390CA-A412-4DBD-8EF7-EBE1D0589DB3}.Debug|Any CPU.Build.0 = Debug|Any CPU
		{BB5390CA-A412-4DBD-8EF7-EBE1D0589DB3}.Release|Any CPU.ActiveCfg = Release|Any CPU
		{BB5390CA-A412-4DBD-8EF7-EBE1D0589DB3}.Release|Any CPU.Build.0 = Release|Any CPU
	EndGlobalSection
	GlobalSection(SolutionProperties) = preSolution
		HideSolutionNode = FALSE
	EndGlobalSection
	GlobalSection(ExtensibilityGlobals) = postSolution
		SolutionGuid = {9473F081-43AC-460A-B371-2094A37087A7}
	EndGlobalSection
EndGlobal
