
Microsoft Visual Studio Solution File, Format Version 12.00
# Visual Studio Version 16
VisualStudioVersion = 16.0.32002.261
MinimumVisualStudioVersion = 10.0.40219.1
Project("{FAE04EC0-301F-11D3-BF4B-00C04F79EFBC}") = "5.01.22", "5.01.22\5.01.22.csproj", "{29A141C9-BBCE-40BC-AD88-14B335D43FAA}"
EndProject
Global
	GlobalSection(SolutionConfigurationPlatforms) = preSolution
		Debug|Any CPU = Debug|Any CPU
		Release|Any CPU = Release|Any CPU
	EndGlobalSection
	GlobalSection(ProjectConfigurationPlatforms) = postSolution
		{29A141C9-BBCE-40BC-AD88-14B335D43FAA}.Debug|Any CPU.ActiveCfg = Debug|Any CPU
		{29A141C9-BBCE-40BC-AD88-14B335D43FAA}.Debug|Any CPU.Build.0 = Debug|Any CPU
		{29A141C9-BBCE-40BC-AD88-14B335D43FAA}.Release|Any CPU.ActiveCfg = Release|Any CPU
		{29A141C9-BBCE-40BC-AD88-14B335D43FAA}.Release|Any CPU.Build.0 = Release|Any CPU
	EndGlobalSection
	GlobalSection(SolutionProperties) = preSolution
		HideSolutionNode = FALSE
	EndGlobalSection
	GlobalSection(ExtensibilityGlobals) = postSolution
		SolutionGuid = {4132938D-BD69-4CA6-A076-8153095D699B}
	EndGlobalSection
EndGlobal
