
Microsoft Visual Studio Solution File, Format Version 12.00
# Visual Studio Version 16
VisualStudioVersion = 16.0.32002.261
MinimumVisualStudioVersion = 10.0.40219.1
Project("{FAE04EC0-301F-11D3-BF4B-00C04F79EFBC}") = "bulmaca", "bulmaca\bulmaca.csproj", "{61A73214-E551-48BA-9B0A-61803CA96D8B}"
EndProject
Global
	GlobalSection(SolutionConfigurationPlatforms) = preSolution
		Debug|Any CPU = Debug|Any CPU
		Release|Any CPU = Release|Any CPU
	EndGlobalSection
	GlobalSection(ProjectConfigurationPlatforms) = postSolution
		{61A73214-E551-48BA-9B0A-61803CA96D8B}.Debug|Any CPU.ActiveCfg = Debug|Any CPU
		{61A73214-E551-48BA-9B0A-61803CA96D8B}.Debug|Any CPU.Build.0 = Debug|Any CPU
		{61A73214-E551-48BA-9B0A-61803CA96D8B}.Release|Any CPU.ActiveCfg = Release|Any CPU
		{61A73214-E551-48BA-9B0A-61803CA96D8B}.Release|Any CPU.Build.0 = Release|Any CPU
	EndGlobalSection
	GlobalSection(SolutionProperties) = preSolution
		HideSolutionNode = FALSE
	EndGlobalSection
	GlobalSection(ExtensibilityGlobals) = postSolution
		SolutionGuid = {D35DF414-E123-457F-950D-8AA8F5D01AF8}
	EndGlobalSection
EndGlobal
