
Microsoft Visual Studio Solution File, Format Version 12.00
# Visual Studio Version 16
VisualStudioVersion = 16.0.32002.261
MinimumVisualStudioVersion = 10.0.40219.1
Project("{FAE04EC0-301F-11D3-BF4B-00C04F79EFBC}") = "WndApp_2802", "WndApp_2802\WndApp_2802.csproj", "{9A340202-A108-4504-9CE0-A9664A1470D4}"
EndProject
Global
	GlobalSection(SolutionConfigurationPlatforms) = preSolution
		Debug|Any CPU = Debug|Any CPU
		Release|Any CPU = Release|Any CPU
	EndGlobalSection
	GlobalSection(ProjectConfigurationPlatforms) = postSolution
		{9A340202-A108-4504-9CE0-A9664A1470D4}.Debug|Any CPU.ActiveCfg = Debug|Any CPU
		{9A340202-A108-4504-9CE0-A9664A1470D4}.Debug|Any CPU.Build.0 = Debug|Any CPU
		{9A340202-A108-4504-9CE0-A9664A1470D4}.Release|Any CPU.ActiveCfg = Release|Any CPU
		{9A340202-A108-4504-9CE0-A9664A1470D4}.Release|Any CPU.Build.0 = Release|Any CPU
	EndGlobalSection
	GlobalSection(SolutionProperties) = preSolution
		HideSolutionNode = FALSE
	EndGlobalSection
	GlobalSection(ExtensibilityGlobals) = postSolution
		SolutionGuid = {6331A04D-675D-4574-8069-CE67B45EEEF4}
	EndGlobalSection
EndGlobal
