
Microsoft Visual Studio Solution File, Format Version 12.00
# Visual Studio Version 16
VisualStudioVersion = 16.0.32002.261
MinimumVisualStudioVersion = 10.0.40219.1
Project("{FAE04EC0-301F-11D3-BF4B-00C04F79EFBC}") = "DllMath", "DllMath\DllMath.csproj", "{C4994B87-3F9E-469E-83F4-1EC7779CB34A}"
EndProject
Project("{FAE04EC0-301F-11D3-BF4B-00C04F79EFBC}") = "Matematik", "Matematik\Matematik.csproj", "{B76CCE8B-0C94-4245-BB78-8C3EC5ED339D}"
EndProject
Project("{FAE04EC0-301F-11D3-BF4B-00C04F79EFBC}") = "SDK", "SDK\SDK.csproj", "{A94C1576-438A-44A2-B57B-CDA4AF24B70C}"
EndProject
Project("{FAE04EC0-301F-11D3-BF4B-00C04F79EFBC}") = "TersCevir", "TersCevir\TersCevir.csproj", "{8B9BBD90-9A71-4887-9087-AD54E42B19CC}"
EndProject
Project("{FAE04EC0-301F-11D3-BF4B-00C04F79EFBC}") = "Eko", "Eko\Eko.csproj", "{D392141B-E4FB-4D7B-B2F1-14DC4EF6760C}"
EndProject
Project("{FAE04EC0-301F-11D3-BF4B-00C04F79EFBC}") = "BuyukHarfeCevir", "DikeyYaz\BuyukHarfeCevir.csproj", "{E41A9D0E-4BF5-4F0C-A4B6-9E99DA11AF09}"
EndProject
Project("{FAE04EC0-301F-11D3-BF4B-00C04F79EFBC}") = "KucukHarfeCevir", "KucukHarfeCevir\KucukHarfeCevir.csproj", "{6EB61FB9-46BF-4C1F-8C41-F84524E75973}"
EndProject
Project("{FAE04EC0-301F-11D3-BF4B-00C04F79EFBC}") = "WndTextShop", "WndTextShop\WndTextShop.csproj", "{6EF0BE3B-D8BE-45E5-BD6C-5742C50BE17A}"
EndProject
Global
	GlobalSection(SolutionConfigurationPlatforms) = preSolution
		Debug|Any CPU = Debug|Any CPU
		Release|Any CPU = Release|Any CPU
	EndGlobalSection
	GlobalSection(ProjectConfigurationPlatforms) = postSolution
		{C4994B87-3F9E-469E-83F4-1EC7779CB34A}.Debug|Any CPU.ActiveCfg = Debug|Any CPU
		{C4994B87-3F9E-469E-83F4-1EC7779CB34A}.Debug|Any CPU.Build.0 = Debug|Any CPU
		{C4994B87-3F9E-469E-83F4-1EC7779CB34A}.Release|Any CPU.ActiveCfg = Release|Any CPU
		{C4994B87-3F9E-469E-83F4-1EC7779CB34A}.Release|Any CPU.Build.0 = Release|Any CPU
		{B76CCE8B-0C94-4245-BB78-8C3EC5ED339D}.Debug|Any CPU.ActiveCfg = Debug|Any CPU
		{B76CCE8B-0C94-4245-BB78-8C3EC5ED339D}.Debug|Any CPU.Build.0 = Debug|Any CPU
		{B76CCE8B-0C94-4245-BB78-8C3EC5ED339D}.Release|Any CPU.ActiveCfg = Release|Any CPU
		{B76CCE8B-0C94-4245-BB78-8C3EC5ED339D}.Release|Any CPU.Build.0 = Release|Any CPU
		{A94C1576-438A-44A2-B57B-CDA4AF24B70C}.Debug|Any CPU.ActiveCfg = Debug|Any CPU
		{A94C1576-438A-44A2-B57B-CDA4AF24B70C}.Debug|Any CPU.Build.0 = Debug|Any CPU
		{A94C1576-438A-44A2-B57B-CDA4AF24B70C}.Release|Any CPU.ActiveCfg = Release|Any CPU
		{A94C1576-438A-44A2-B57B-CDA4AF24B70C}.Release|Any CPU.Build.0 = Release|Any CPU
		{8B9BBD90-9A71-4887-9087-AD54E42B19CC}.Debug|Any CPU.ActiveCfg = Debug|Any CPU
		{8B9BBD90-9A71-4887-9087-AD54E42B19CC}.Debug|Any CPU.Build.0 = Debug|Any CPU
		{8B9BBD90-9A71-4887-9087-AD54E42B19CC}.Release|Any CPU.ActiveCfg = Release|Any CPU
		{8B9BBD90-9A71-4887-9087-AD54E42B19CC}.Release|Any CPU.Build.0 = Release|Any CPU
		{D392141B-E4FB-4D7B-B2F1-14DC4EF6760C}.Debug|Any CPU.ActiveCfg = Debug|Any CPU
		{D392141B-E4FB-4D7B-B2F1-14DC4EF6760C}.Debug|Any CPU.Build.0 = Debug|Any CPU
		{D392141B-E4FB-4D7B-B2F1-14DC4EF6760C}.Release|Any CPU.ActiveCfg = Release|Any CPU
		{D392141B-E4FB-4D7B-B2F1-14DC4EF6760C}.Release|Any CPU.Build.0 = Release|Any CPU
		{E41A9D0E-4BF5-4F0C-A4B6-9E99DA11AF09}.Debug|Any CPU.ActiveCfg = Debug|Any CPU
		{E41A9D0E-4BF5-4F0C-A4B6-9E99DA11AF09}.Debug|Any CPU.Build.0 = Debug|Any CPU
		{E41A9D0E-4BF5-4F0C-A4B6-9E99DA11AF09}.Release|Any CPU.ActiveCfg = Release|Any CPU
		{E41A9D0E-4BF5-4F0C-A4B6-9E99DA11AF09}.Release|Any CPU.Build.0 = Release|Any CPU
		{6EB61FB9-46BF-4C1F-8C41-F84524E75973}.Debug|Any CPU.ActiveCfg = Debug|Any CPU
		{6EB61FB9-46BF-4C1F-8C41-F84524E75973}.Debug|Any CPU.Build.0 = Debug|Any CPU
		{6EB61FB9-46BF-4C1F-8C41-F84524E75973}.Release|Any CPU.ActiveCfg = Release|Any CPU
		{6EB61FB9-46BF-4C1F-8C41-F84524E75973}.Release|Any CPU.Build.0 = Release|Any CPU
		{6EF0BE3B-D8BE-45E5-BD6C-5742C50BE17A}.Debug|Any CPU.ActiveCfg = Debug|Any CPU
		{6EF0BE3B-D8BE-45E5-BD6C-5742C50BE17A}.Debug|Any CPU.Build.0 = Debug|Any CPU
		{6EF0BE3B-D8BE-45E5-BD6C-5742C50BE17A}.Release|Any CPU.ActiveCfg = Release|Any CPU
		{6EF0BE3B-D8BE-45E5-BD6C-5742C50BE17A}.Release|Any CPU.Build.0 = Release|Any CPU
	EndGlobalSection
	GlobalSection(SolutionProperties) = preSolution
		HideSolutionNode = FALSE
	EndGlobalSection
	GlobalSection(ExtensibilityGlobals) = postSolution
		SolutionGuid = {0BE3603E-29F3-4F57-834F-055931C1D517}
	EndGlobalSection
EndGlobal
