
Microsoft Visual Studio Solution File, Format Version 12.00
# Visual Studio Version 16
VisualStudioVersion = 16.0.32002.261
MinimumVisualStudioVersion = 10.0.40219.1
Project("{FAE04EC0-301F-11D3-BF4B-00C04F79EFBC}") = "ilkprogram1", "ilkprogram1\ilkprogram1.csproj", "{53B7F57F-426F-4548-9C3D-4137E6028A06}"
EndProject
Global
	GlobalSection(SolutionConfigurationPlatforms) = preSolution
		Debug|Any CPU = Debug|Any CPU
		Release|Any CPU = Release|Any CPU
	EndGlobalSection
	GlobalSection(ProjectConfigurationPlatforms) = postSolution
		{53B7F57F-426F-4548-9C3D-4137E6028A06}.Debug|Any CPU.ActiveCfg = Debug|Any CPU
		{53B7F57F-426F-4548-9C3D-4137E6028A06}.Debug|Any CPU.Build.0 = Debug|Any CPU
		{53B7F57F-426F-4548-9C3D-4137E6028A06}.Release|Any CPU.ActiveCfg = Release|Any CPU
		{53B7F57F-426F-4548-9C3D-4137E6028A06}.Release|Any CPU.Build.0 = Release|Any CPU
	EndGlobalSection
	GlobalSection(SolutionProperties) = preSolution
		HideSolutionNode = FALSE
	EndGlobalSection
	GlobalSection(ExtensibilityGlobals) = postSolution
		SolutionGuid = {BDE9625D-7701-43B8-A777-E8C13AB56A3F}
	EndGlobalSection
EndGlobal
