
Microsoft Visual Studio Solution File, Format Version 12.00
# Visual Studio Version 16
VisualStudioVersion = 16.0.32002.261
MinimumVisualStudioVersion = 10.0.40219.1
Project("{FAE04EC0-301F-11D3-BF4B-00C04F79EFBC}") = "28.12.2021", "28.12.2021\28.12.2021.csproj", "{29F04AD0-8D9A-4C08-935D-7DEA4EC4A323}"
EndProject
Global
	GlobalSection(SolutionConfigurationPlatforms) = preSolution
		Debug|Any CPU = Debug|Any CPU
		Release|Any CPU = Release|Any CPU
	EndGlobalSection
	GlobalSection(ProjectConfigurationPlatforms) = postSolution
		{29F04AD0-8D9A-4C08-935D-7DEA4EC4A323}.Debug|Any CPU.ActiveCfg = Debug|Any CPU
		{29F04AD0-8D9A-4C08-935D-7DEA4EC4A323}.Debug|Any CPU.Build.0 = Debug|Any CPU
		{29F04AD0-8D9A-4C08-935D-7DEA4EC4A323}.Release|Any CPU.ActiveCfg = Release|Any CPU
		{29F04AD0-8D9A-4C08-935D-7DEA4EC4A323}.Release|Any CPU.Build.0 = Release|Any CPU
	EndGlobalSection
	GlobalSection(SolutionProperties) = preSolution
		HideSolutionNode = FALSE
	EndGlobalSection
	GlobalSection(ExtensibilityGlobals) = postSolution
		SolutionGuid = {540C8BAA-6C0E-4AFF-B66F-800ED070C874}
	EndGlobalSection
EndGlobal
