
Microsoft Visual Studio Solution File, Format Version 12.00
# Visual Studio Version 16
VisualStudioVersion = 16.0.32002.261
MinimumVisualStudioVersion = 10.0.40219.1
Project("{FAE04EC0-301F-11D3-BF4B-00C04F79EFBC}") = "EF_DF", "EF_DF\EF_DF.csproj", "{FD94EE9A-87CE-4F62-B694-6A588C7FB94D}"
EndProject
Project("{FAE04EC0-301F-11D3-BF4B-00C04F79EFBC}") = "EF_MF", "EF_MF\EF_MF.csproj", "{EDBEB86C-BBEC-4859-86FB-127390910F19}"
EndProject
Project("{FAE04EC0-301F-11D3-BF4B-00C04F79EFBC}") = "EF_CF_MF", "EF_CF_MF\EF_CF_MF.csproj", "{1944C429-6CF0-48E3-A7EB-80C95DBAA06A}"
EndProject
Project("{FAE04EC0-301F-11D3-BF4B-00C04F79EFBC}") = "GenericDAL", "GenericDAL\GenericDAL.csproj", "{BE0EFA2D-E206-4622-84E9-5D3A3B0E6C97}"
EndProject
Project("{FAE04EC0-301F-11D3-BF4B-00C04F79EFBC}") = "CF_DF", "CF_DF\CF_DF.csproj", "{2B965C50-2D87-434E-81C8-053498D31993}"
EndProject
Global
	GlobalSection(SolutionConfigurationPlatforms) = preSolution
		Debug|Any CPU = Debug|Any CPU
		Release|Any CPU = Release|Any CPU
	EndGlobalSection
	GlobalSection(ProjectConfigurationPlatforms) = postSolution
		{FD94EE9A-87CE-4F62-B694-6A588C7FB94D}.Debug|Any CPU.ActiveCfg = Debug|Any CPU
		{FD94EE9A-87CE-4F62-B694-6A588C7FB94D}.Debug|Any CPU.Build.0 = Debug|Any CPU
		{FD94EE9A-87CE-4F62-B694-6A588C7FB94D}.Release|Any CPU.ActiveCfg = Release|Any CPU
		{FD94EE9A-87CE-4F62-B694-6A588C7FB94D}.Release|Any CPU.Build.0 = Release|Any CPU
		{EDBEB86C-BBEC-4859-86FB-127390910F19}.Debug|Any CPU.ActiveCfg = Debug|Any CPU
		{EDBEB86C-BBEC-4859-86FB-127390910F19}.Debug|Any CPU.Build.0 = Debug|Any CPU
		{EDBEB86C-BBEC-4859-86FB-127390910F19}.Release|Any CPU.ActiveCfg = Release|Any CPU
		{EDBEB86C-BBEC-4859-86FB-127390910F19}.Release|Any CPU.Build.0 = Release|Any CPU
		{1944C429-6CF0-48E3-A7EB-80C95DBAA06A}.Debug|Any CPU.ActiveCfg = Debug|Any CPU
		{1944C429-6CF0-48E3-A7EB-80C95DBAA06A}.Debug|Any CPU.Build.0 = Debug|Any CPU
		{1944C429-6CF0-48E3-A7EB-80C95DBAA06A}.Release|Any CPU.ActiveCfg = Release|Any CPU
		{1944C429-6CF0-48E3-A7EB-80C95DBAA06A}.Release|Any CPU.Build.0 = Release|Any CPU
		{BE0EFA2D-E206-4622-84E9-5D3A3B0E6C97}.Debug|Any CPU.ActiveCfg = Debug|Any CPU
		{BE0EFA2D-E206-4622-84E9-5D3A3B0E6C97}.Debug|Any CPU.Build.0 = Debug|Any CPU
		{BE0EFA2D-E206-4622-84E9-5D3A3B0E6C97}.Release|Any CPU.ActiveCfg = Release|Any CPU
		{BE0EFA2D-E206-4622-84E9-5D3A3B0E6C97}.Release|Any CPU.Build.0 = Release|Any CPU
		{2B965C50-2D87-434E-81C8-053498D31993}.Debug|Any CPU.ActiveCfg = Debug|Any CPU
		{2B965C50-2D87-434E-81C8-053498D31993}.Debug|Any CPU.Build.0 = Debug|Any CPU
		{2B965C50-2D87-434E-81C8-053498D31993}.Release|Any CPU.ActiveCfg = Release|Any CPU
		{2B965C50-2D87-434E-81C8-053498D31993}.Release|Any CPU.Build.0 = Release|Any CPU
	EndGlobalSection
	GlobalSection(SolutionProperties) = preSolution
		HideSolutionNode = FALSE
	EndGlobalSection
	GlobalSection(ExtensibilityGlobals) = postSolution
		SolutionGuid = {CD659C63-79DB-4513-91E2-F5C001435D81}
	EndGlobalSection
EndGlobal
