
Microsoft Visual Studio Solution File, Format Version 12.00
# Visual Studio Version 16
VisualStudioVersion = 16.0.32002.261
MinimumVisualStudioVersion = 10.0.40219.1
Project("{FAE04EC0-301F-11D3-BF4B-00C04F79EFBC}") = "method_forme", "method_forme\method_forme.csproj", "{2DA1414A-6A10-4E34-9DA8-21DF842DF96B}"
EndProject
Global
	GlobalSection(SolutionConfigurationPlatforms) = preSolution
		Debug|Any CPU = Debug|Any CPU
		Release|Any CPU = Release|Any CPU
	EndGlobalSection
	GlobalSection(ProjectConfigurationPlatforms) = postSolution
		{2DA1414A-6A10-4E34-9DA8-21DF842DF96B}.Debug|Any CPU.ActiveCfg = Debug|Any CPU
		{2DA1414A-6A10-4E34-9DA8-21DF842DF96B}.Debug|Any CPU.Build.0 = Debug|Any CPU
		{2DA1414A-6A10-4E34-9DA8-21DF842DF96B}.Release|Any CPU.ActiveCfg = Release|Any CPU
		{2DA1414A-6A10-4E34-9DA8-21DF842DF96B}.Release|Any CPU.Build.0 = Release|Any CPU
	EndGlobalSection
	GlobalSection(SolutionProperties) = preSolution
		HideSolutionNode = FALSE
	EndGlobalSection
	GlobalSection(ExtensibilityGlobals) = postSolution
		SolutionGuid = {834A058A-7A82-4A35-BECE-F3142E570D88}
	EndGlobalSection
EndGlobal
