
Microsoft Visual Studio Solution File, Format Version 12.00
# Visual Studio Version 16
VisualStudioVersion = 16.0.32002.261
MinimumVisualStudioVersion = 10.0.40219.1
Project("{FAE04EC0-301F-11D3-BF4B-00C04F79EFBC}") = "for_dongusu", "for_dongusu\for_dongusu.csproj", "{8910960A-7048-4812-A38F-302FE167FA85}"
EndProject
Global
	GlobalSection(SolutionConfigurationPlatforms) = preSolution
		Debug|Any CPU = Debug|Any CPU
		Release|Any CPU = Release|Any CPU
	EndGlobalSection
	GlobalSection(ProjectConfigurationPlatforms) = postSolution
		{8910960A-7048-4812-A38F-302FE167FA85}.Debug|Any CPU.ActiveCfg = Debug|Any CPU
		{8910960A-7048-4812-A38F-302FE167FA85}.Debug|Any CPU.Build.0 = Debug|Any CPU
		{8910960A-7048-4812-A38F-302FE167FA85}.Release|Any CPU.ActiveCfg = Release|Any CPU
		{8910960A-7048-4812-A38F-302FE167FA85}.Release|Any CPU.Build.0 = Release|Any CPU
	EndGlobalSection
	GlobalSection(SolutionProperties) = preSolution
		HideSolutionNode = FALSE
	EndGlobalSection
	GlobalSection(ExtensibilityGlobals) = postSolution
		SolutionGuid = {A82EBF43-9432-4078-94A9-EBB95FF2E4D3}
	EndGlobalSection
EndGlobal
