
Microsoft Visual Studio Solution File, Format Version 12.00
# Visual Studio Version 16
VisualStudioVersion = 16.0.32002.261
MinimumVisualStudioVersion = 10.0.40219.1
Project("{FAE04EC0-301F-11D3-BF4B-00C04F79EFBC}") = "Methodlar-4", "Methodlar-4\Methodlar-4.csproj", "{4F493F0F-1E15-427A-87CF-BD9D69120FB1}"
EndProject
Global
	GlobalSection(SolutionConfigurationPlatforms) = preSolution
		Debug|Any CPU = Debug|Any CPU
		Release|Any CPU = Release|Any CPU
	EndGlobalSection
	GlobalSection(ProjectConfigurationPlatforms) = postSolution
		{4F493F0F-1E15-427A-87CF-BD9D69120FB1}.Debug|Any CPU.ActiveCfg = Debug|Any CPU
		{4F493F0F-1E15-427A-87CF-BD9D69120FB1}.Debug|Any CPU.Build.0 = Debug|Any CPU
		{4F493F0F-1E15-427A-87CF-BD9D69120FB1}.Release|Any CPU.ActiveCfg = Release|Any CPU
		{4F493F0F-1E15-427A-87CF-BD9D69120FB1}.Release|Any CPU.Build.0 = Release|Any CPU
	EndGlobalSection
	GlobalSection(SolutionProperties) = preSolution
		HideSolutionNode = FALSE
	EndGlobalSection
	GlobalSection(ExtensibilityGlobals) = postSolution
		SolutionGuid = {4F7E84DA-CBCC-4D96-A178-9BCA60FC2984}
	EndGlobalSection
EndGlobal
