
Microsoft Visual Studio Solution File, Format Version 12.00
# Visual Studio Version 16
VisualStudioVersion = 16.0.32002.261
MinimumVisualStudioVersion = 10.0.40219.1
Project("{FAE04EC0-301F-11D3-BF4B-00C04F79EFBC}") = "do_while", "do_while\do_while.csproj", "{9E368990-1C3E-4ED7-95D5-DBA3783148C4}"
EndProject
Global
	GlobalSection(SolutionConfigurationPlatforms) = preSolution
		Debug|Any CPU = Debug|Any CPU
		Release|Any CPU = Release|Any CPU
	EndGlobalSection
	GlobalSection(ProjectConfigurationPlatforms) = postSolution
		{9E368990-1C3E-4ED7-95D5-DBA3783148C4}.Debug|Any CPU.ActiveCfg = Debug|Any CPU
		{9E368990-1C3E-4ED7-95D5-DBA3783148C4}.Debug|Any CPU.Build.0 = Debug|Any CPU
		{9E368990-1C3E-4ED7-95D5-DBA3783148C4}.Release|Any CPU.ActiveCfg = Release|Any CPU
		{9E368990-1C3E-4ED7-95D5-DBA3783148C4}.Release|Any CPU.Build.0 = Release|Any CPU
	EndGlobalSection
	GlobalSection(SolutionProperties) = preSolution
		HideSolutionNode = FALSE
	EndGlobalSection
	GlobalSection(ExtensibilityGlobals) = postSolution
		SolutionGuid = {343A716E-2CCA-46FC-B546-79F67EE3C20A}
	EndGlobalSection
EndGlobal
